// !$*UTF8*$!
{
	archiveVersion = 1;
	classes = {
	};
	objectVersion = 50;
	objects = {

/* Begin PBXBuildFile section */
		2326FD7F2316F405005B5089 /* AppDelegate.swift in Sources */ = {isa = PBXBuildFile; fileRef = 2326FD7E2316F405005B5089 /* AppDelegate.swift */; };
		2326FD812316F405005B5089 /* ExampleViewController.swift in Sources */ = {isa = PBXBuildFile; fileRef = 2326FD802316F405005B5089 /* ExampleViewController.swift */; };
		2326FD842316F405005B5089 /* Main.storyboard in Resources */ = {isa = PBXBuildFile; fileRef = 2326FD822316F405005B5089 /* Main.storyboard */; };
		2326FD862316F406005B5089 /* Assets.xcassets in Resources */ = {isa = PBXBuildFile; fileRef = 2326FD852316F406005B5089 /* Assets.xcassets */; };
		2326FD892316F406005B5089 /* LaunchScreen.storyboard in Resources */ = {isa = PBXBuildFile; fileRef = 2326FD872316F406005B5089 /* LaunchScreen.storyboard */; };
		2326FD982316F746005B5089 /* MLBusinessLoyaltyRingView.swift in Sources */ = {isa = PBXBuildFile; fileRef = 2326FD972316F746005B5089 /* MLBusinessLoyaltyRingView.swift */; };
		23E15A0E2317101900DEB693 /* MLBusinessLoyaltyRingData.swift in Sources */ = {isa = PBXBuildFile; fileRef = 23E15A0D2317101900DEB693 /* MLBusinessLoyaltyRingData.swift */; };
		23E15A122318047400DEB693 /* MLBusinessDiscountBoxView.swift in Sources */ = {isa = PBXBuildFile; fileRef = 23E15A112318047400DEB693 /* MLBusinessDiscountBoxView.swift */; };
		23E15A142318048C00DEB693 /* MLBusinessDiscountBoxData.swift in Sources */ = {isa = PBXBuildFile; fileRef = 23E15A132318048C00DEB693 /* MLBusinessDiscountBoxData.swift */; };
		23E15A192318068100DEB693 /* String+Hexa.swift in Sources */ = {isa = PBXBuildFile; fileRef = 23E15A182318068000DEB693 /* String+Hexa.swift */; };
		23E15A1B231808C400DEB693 /* MLBusinessDiscountSingleItem.swift in Sources */ = {isa = PBXBuildFile; fileRef = 23E15A1A231808C400DEB693 /* MLBusinessDiscountSingleItem.swift */; };
		CEA9CCAD231829E9003A0DA5 /* DiscountData.swift in Sources */ = {isa = PBXBuildFile; fileRef = CEA9CCAC231829E9003A0DA5 /* DiscountData.swift */; };
		CEA9CCAF23187099003A0DA5 /* MLBusinessDiscountSingleItemView.swift in Sources */ = {isa = PBXBuildFile; fileRef = CEA9CCAE23187099003A0DA5 /* MLBusinessDiscountSingleItemView.swift */; };
		CEA9CCB12319B93A003A0DA5 /* DiscountGridFlowLayout.swift in Sources */ = {isa = PBXBuildFile; fileRef = CEA9CCB02319B93A003A0DA5 /* DiscountGridFlowLayout.swift */; };
		CEA9CCB3231D42E3003A0DA5 /* LoyaltyRingData.swift in Sources */ = {isa = PBXBuildFile; fileRef = CEA9CCB2231D42E3003A0DA5 /* LoyaltyRingData.swift */; };
/* End PBXBuildFile section */

/* Begin PBXFileReference section */
		2326FD7B2316F405005B5089 /* MLBusinessComponents.app */ = {isa = PBXFileReference; explicitFileType = wrapper.application; includeInIndex = 0; path = MLBusinessComponents.app; sourceTree = BUILT_PRODUCTS_DIR; };
		2326FD7E2316F405005B5089 /* AppDelegate.swift */ = {isa = PBXFileReference; lastKnownFileType = sourcecode.swift; path = AppDelegate.swift; sourceTree = "<group>"; };
		2326FD802316F405005B5089 /* ExampleViewController.swift */ = {isa = PBXFileReference; lastKnownFileType = sourcecode.swift; path = ExampleViewController.swift; sourceTree = "<group>"; };
		2326FD832316F405005B5089 /* Base */ = {isa = PBXFileReference; lastKnownFileType = file.storyboard; name = Base; path = Base.lproj/Main.storyboard; sourceTree = "<group>"; };
		2326FD852316F406005B5089 /* Assets.xcassets */ = {isa = PBXFileReference; lastKnownFileType = folder.assetcatalog; path = Assets.xcassets; sourceTree = "<group>"; };
		2326FD882316F406005B5089 /* Base */ = {isa = PBXFileReference; lastKnownFileType = file.storyboard; name = Base; path = Base.lproj/LaunchScreen.storyboard; sourceTree = "<group>"; };
		2326FD8A2316F406005B5089 /* Info.plist */ = {isa = PBXFileReference; lastKnownFileType = text.plist.xml; path = Info.plist; sourceTree = "<group>"; };
		2326FD972316F746005B5089 /* MLBusinessLoyaltyRingView.swift */ = {isa = PBXFileReference; lastKnownFileType = sourcecode.swift; path = MLBusinessLoyaltyRingView.swift; sourceTree = "<group>"; };
		23E15A0D2317101900DEB693 /* MLBusinessLoyaltyRingData.swift */ = {isa = PBXFileReference; lastKnownFileType = sourcecode.swift; path = MLBusinessLoyaltyRingData.swift; sourceTree = "<group>"; };
		23E15A112318047400DEB693 /* MLBusinessDiscountBoxView.swift */ = {isa = PBXFileReference; lastKnownFileType = sourcecode.swift; path = MLBusinessDiscountBoxView.swift; sourceTree = "<group>"; };
		23E15A132318048C00DEB693 /* MLBusinessDiscountBoxData.swift */ = {isa = PBXFileReference; lastKnownFileType = sourcecode.swift; path = MLBusinessDiscountBoxData.swift; sourceTree = "<group>"; };
		23E15A182318068000DEB693 /* String+Hexa.swift */ = {isa = PBXFileReference; fileEncoding = 4; lastKnownFileType = sourcecode.swift; path = "String+Hexa.swift"; sourceTree = "<group>"; };
		23E15A1A231808C400DEB693 /* MLBusinessDiscountSingleItem.swift */ = {isa = PBXFileReference; lastKnownFileType = sourcecode.swift; path = MLBusinessDiscountSingleItem.swift; sourceTree = "<group>"; };
		CEA9CCAC231829E9003A0DA5 /* DiscountData.swift */ = {isa = PBXFileReference; lastKnownFileType = sourcecode.swift; path = DiscountData.swift; sourceTree = "<group>"; };
		CEA9CCAE23187099003A0DA5 /* MLBusinessDiscountSingleItemView.swift */ = {isa = PBXFileReference; lastKnownFileType = sourcecode.swift; path = MLBusinessDiscountSingleItemView.swift; sourceTree = "<group>"; };
		CEA9CCB02319B93A003A0DA5 /* DiscountGridFlowLayout.swift */ = {isa = PBXFileReference; fileEncoding = 4; lastKnownFileType = sourcecode.swift; path = DiscountGridFlowLayout.swift; sourceTree = "<group>"; };
		CEA9CCB2231D42E3003A0DA5 /* LoyaltyRingData.swift */ = {isa = PBXFileReference; lastKnownFileType = sourcecode.swift; path = LoyaltyRingData.swift; sourceTree = "<group>"; };
/* End PBXFileReference section */

/* Begin PBXFrameworksBuildPhase section */
		2326FD782316F405005B5089 /* Frameworks */ = {
			isa = PBXFrameworksBuildPhase;
			buildActionMask = 2147483647;
			files = (
			);
			runOnlyForDeploymentPostprocessing = 0;
		};
/* End PBXFrameworksBuildPhase section */

/* Begin PBXGroup section */
		2326FD722316F405005B5089 = {
			isa = PBXGroup;
			children = (
				2326FD7D2316F405005B5089 /* MLBusinessComponents */,
				2326FD7C2316F405005B5089 /* Products */,
			);
			sourceTree = "<group>";
		};
		2326FD7C2316F405005B5089 /* Products */ = {
			isa = PBXGroup;
			children = (
				2326FD7B2316F405005B5089 /* MLBusinessComponents.app */,
			);
			name = Products;
			sourceTree = "<group>";
		};
		2326FD7D2316F405005B5089 /* MLBusinessComponents */ = {
			isa = PBXGroup;
			children = (
				2326FD932316F566005B5089 /* Source */,
				2326FD7E2316F405005B5089 /* AppDelegate.swift */,
				2326FD802316F405005B5089 /* ExampleViewController.swift */,
				CEA9CCB2231D42E3003A0DA5 /* LoyaltyRingData.swift */,
				CEA9CCAC231829E9003A0DA5 /* DiscountData.swift */,
				2326FD822316F405005B5089 /* Main.storyboard */,
				2326FD852316F406005B5089 /* Assets.xcassets */,
				2326FD872316F406005B5089 /* LaunchScreen.storyboard */,
				2326FD8A2316F406005B5089 /* Info.plist */,
			);
			path = MLBusinessComponents;
			sourceTree = "<group>";
		};
		2326FD932316F566005B5089 /* Source */ = {
			isa = PBXGroup;
			children = (
				23E15A172318068000DEB693 /* Extensions */,
				2326FD942316F566005B5089 /* Components */,
			);
			path = Source;
			sourceTree = "<group>";
		};
		2326FD942316F566005B5089 /* Components */ = {
			isa = PBXGroup;
			children = (
				2326FD952316F566005B5089 /* Loyalty */,
				2326FD962316F566005B5089 /* Discount */,
			);
			path = Components;
			sourceTree = "<group>";
		};
		2326FD952316F566005B5089 /* Loyalty */ = {
			isa = PBXGroup;
			children = (
				2326FD972316F746005B5089 /* MLBusinessLoyaltyRingView.swift */,
				23E15A0D2317101900DEB693 /* MLBusinessLoyaltyRingData.swift */,
			);
			path = Loyalty;
			sourceTree = "<group>";
		};
		2326FD962316F566005B5089 /* Discount */ = {
			isa = PBXGroup;
			children = (
				CEA9CCB02319B93A003A0DA5 /* DiscountGridFlowLayout.swift */,
				23E15A112318047400DEB693 /* MLBusinessDiscountBoxView.swift */,
				23E15A132318048C00DEB693 /* MLBusinessDiscountBoxData.swift */,
				23E15A1A231808C400DEB693 /* MLBusinessDiscountSingleItem.swift */,
				CEA9CCAE23187099003A0DA5 /* MLBusinessDiscountSingleItemView.swift */,
			);
			path = Discount;
			sourceTree = "<group>";
		};
		23E15A172318068000DEB693 /* Extensions */ = {
			isa = PBXGroup;
			children = (
				23E15A182318068000DEB693 /* String+Hexa.swift */,
			);
			path = Extensions;
			sourceTree = "<group>";
		};
/* End PBXGroup section */

/* Begin PBXNativeTarget section */
		2326FD7A2316F405005B5089 /* MLBusinessComponents */ = {
			isa = PBXNativeTarget;
			buildConfigurationList = 2326FD8D2316F406005B5089 /* Build configuration list for PBXNativeTarget "MLBusinessComponents" */;
			buildPhases = (
				2326FD772316F405005B5089 /* Sources */,
				2326FD782316F405005B5089 /* Frameworks */,
				2326FD792316F405005B5089 /* Resources */,
			);
			buildRules = (
			);
			dependencies = (
			);
			name = MLBusinessComponents;
			productName = MLBusinessComponents;
			productReference = 2326FD7B2316F405005B5089 /* MLBusinessComponents.app */;
			productType = "com.apple.product-type.application";
		};
/* End PBXNativeTarget section */

/* Begin PBXProject section */
		2326FD732316F405005B5089 /* Project object */ = {
			isa = PBXProject;
			attributes = {
				LastSwiftUpdateCheck = 1010;
				LastUpgradeCheck = 1010;
				ORGANIZATIONNAME = "Juan Sanzone";
				TargetAttributes = {
					2326FD7A2316F405005B5089 = {
						CreatedOnToolsVersion = 10.1;
					};
				};
			};
			buildConfigurationList = 2326FD762316F405005B5089 /* Build configuration list for PBXProject "MLBusinessComponents" */;
			compatibilityVersion = "Xcode 9.3";
			developmentRegion = en;
			hasScannedForEncodings = 0;
			knownRegions = (
				en,
				Base,
			);
			mainGroup = 2326FD722316F405005B5089;
			productRefGroup = 2326FD7C2316F405005B5089 /* Products */;
			projectDirPath = "";
			projectRoot = "";
			targets = (
				2326FD7A2316F405005B5089 /* MLBusinessComponents */,
			);
		};
/* End PBXProject section */

/* Begin PBXResourcesBuildPhase section */
		2326FD792316F405005B5089 /* Resources */ = {
			isa = PBXResourcesBuildPhase;
			buildActionMask = 2147483647;
			files = (
				2326FD892316F406005B5089 /* LaunchScreen.storyboard in Resources */,
				2326FD862316F406005B5089 /* Assets.xcassets in Resources */,
				2326FD842316F405005B5089 /* Main.storyboard in Resources */,
			);
			runOnlyForDeploymentPostprocessing = 0;
		};
/* End PBXResourcesBuildPhase section */

/* Begin PBXSourcesBuildPhase section */
		2326FD772316F405005B5089 /* Sources */ = {
			isa = PBXSourcesBuildPhase;
			buildActionMask = 2147483647;
			files = (
				2326FD812316F405005B5089 /* ExampleViewController.swift in Sources */,
				CEA9CCB3231D42E3003A0DA5 /* LoyaltyRingData.swift in Sources */,
				2326FD982316F746005B5089 /* MLBusinessLoyaltyRingView.swift in Sources */,
				2326FD7F2316F405005B5089 /* AppDelegate.swift in Sources */,
				CEA9CCAD231829E9003A0DA5 /* DiscountData.swift in Sources */,
				23E15A192318068100DEB693 /* String+Hexa.swift in Sources */,
				CEA9CCAF23187099003A0DA5 /* MLBusinessDiscountSingleItemView.swift in Sources */,
				23E15A122318047400DEB693 /* MLBusinessDiscountBoxView.swift in Sources */,
				CEA9CCB12319B93A003A0DA5 /* DiscountGridFlowLayout.swift in Sources */,
				23E15A0E2317101900DEB693 /* MLBusinessLoyaltyRingData.swift in Sources */,
				23E15A1B231808C400DEB693 /* MLBusinessDiscountSingleItem.swift in Sources */,
				23E15A142318048C00DEB693 /* MLBusinessDiscountBoxData.swift in Sources */,
			);
			runOnlyForDeploymentPostprocessing = 0;
		};
/* End PBXSourcesBuildPhase section */

/* Begin PBXVariantGroup section */
		2326FD822316F405005B5089 /* Main.storyboard */ = {
			isa = PBXVariantGroup;
			children = (
				2326FD832316F405005B5089 /* Base */,
			);
			name = Main.storyboard;
			sourceTree = "<group>";
		};
		2326FD872316F406005B5089 /* LaunchScreen.storyboard */ = {
			isa = PBXVariantGroup;
			children = (
				2326FD882316F406005B5089 /* Base */,
			);
			name = LaunchScreen.storyboard;
			sourceTree = "<group>";
		};
/* End PBXVariantGroup section */

/* Begin XCBuildConfiguration section */
		2326FD8B2316F406005B5089 /* Debug */ = {
			isa = XCBuildConfiguration;
			buildSettings = {
				ALWAYS_SEARCH_USER_PATHS = NO;
				CLANG_ANALYZER_NONNULL = YES;
				CLANG_ANALYZER_NUMBER_OBJECT_CONVERSION = YES_AGGRESSIVE;
				CLANG_CXX_LANGUAGE_STANDARD = "gnu++14";
				CLANG_CXX_LIBRARY = "libc++";
				CLANG_ENABLE_MODULES = YES;
				CLANG_ENABLE_OBJC_ARC = YES;
				CLANG_ENABLE_OBJC_WEAK = YES;
				CLANG_WARN_BLOCK_CAPTURE_AUTORELEASING = YES;
				CLANG_WARN_BOOL_CONVERSION = YES;
				CLANG_WARN_COMMA = YES;
				CLANG_WARN_CONSTANT_CONVERSION = YES;
				CLANG_WARN_DEPRECATED_OBJC_IMPLEMENTATIONS = YES;
				CLANG_WARN_DIRECT_OBJC_ISA_USAGE = YES_ERROR;
				CLANG_WARN_DOCUMENTATION_COMMENTS = YES;
				CLANG_WARN_EMPTY_BODY = YES;
				CLANG_WARN_ENUM_CONVERSION = YES;
				CLANG_WARN_INFINITE_RECURSION = YES;
				CLANG_WARN_INT_CONVERSION = YES;
				CLANG_WARN_NON_LITERAL_NULL_CONVERSION = YES;
				CLANG_WARN_OBJC_IMPLICIT_RETAIN_SELF = YES;
				CLANG_WARN_OBJC_LITERAL_CONVERSION = YES;
				CLANG_WARN_OBJC_ROOT_CLASS = YES_ERROR;
				CLANG_WARN_RANGE_LOOP_ANALYSIS = YES;
				CLANG_WARN_STRICT_PROTOTYPES = YES;
				CLANG_WARN_SUSPICIOUS_MOVE = YES;
				CLANG_WARN_UNGUARDED_AVAILABILITY = YES_AGGRESSIVE;
				CLANG_WARN_UNREACHABLE_CODE = YES;
				CLANG_WARN__DUPLICATE_METHOD_MATCH = YES;
				CODE_SIGN_IDENTITY = "iPhone Developer";
				COPY_PHASE_STRIP = NO;
				DEBUG_INFORMATION_FORMAT = dwarf;
				ENABLE_STRICT_OBJC_MSGSEND = YES;
				ENABLE_TESTABILITY = YES;
				GCC_C_LANGUAGE_STANDARD = gnu11;
				GCC_DYNAMIC_NO_PIC = NO;
				GCC_NO_COMMON_BLOCKS = YES;
				GCC_OPTIMIZATION_LEVEL = 0;
				GCC_PREPROCESSOR_DEFINITIONS = (
					"DEBUG=1",
					"$(inherited)",
				);
				GCC_WARN_64_TO_32_BIT_CONVERSION = YES;
				GCC_WARN_ABOUT_RETURN_TYPE = YES_ERROR;
				GCC_WARN_UNDECLARED_SELECTOR = YES;
				GCC_WARN_UNINITIALIZED_AUTOS = YES_AGGRESSIVE;
				GCC_WARN_UNUSED_FUNCTION = YES;
				GCC_WARN_UNUSED_VARIABLE = YES;
				IPHONEOS_DEPLOYMENT_TARGET = 12.1;
				MTL_ENABLE_DEBUG_INFO = INCLUDE_SOURCE;
				MTL_FAST_MATH = YES;
				ONLY_ACTIVE_ARCH = YES;
				SDKROOT = iphoneos;
				SWIFT_ACTIVE_COMPILATION_CONDITIONS = DEBUG;
				SWIFT_OPTIMIZATION_LEVEL = "-Onone";
			};
			name = Debug;
		};
		2326FD8C2316F406005B5089 /* Release */ = {
			isa = XCBuildConfiguration;
			buildSettings = {
				ALWAYS_SEARCH_USER_PATHS = NO;
				CLANG_ANALYZER_NONNULL = YES;
				CLANG_ANALYZER_NUMBER_OBJECT_CONVERSION = YES_AGGRESSIVE;
				CLANG_CXX_LANGUAGE_STANDARD = "gnu++14";
				CLANG_CXX_LIBRARY = "libc++";
				CLANG_ENABLE_MODULES = YES;
				CLANG_ENABLE_OBJC_ARC = YES;
				CLANG_ENABLE_OBJC_WEAK = YES;
				CLANG_WARN_BLOCK_CAPTURE_AUTORELEASING = YES;
				CLANG_WARN_BOOL_CONVERSION = YES;
				CLANG_WARN_COMMA = YES;
				CLANG_WARN_CONSTANT_CONVERSION = YES;
				CLANG_WARN_DEPRECATED_OBJC_IMPLEMENTATIONS = YES;
				CLANG_WARN_DIRECT_OBJC_ISA_USAGE = YES_ERROR;
				CLANG_WARN_DOCUMENTATION_COMMENTS = YES;
				CLANG_WARN_EMPTY_BODY = YES;
				CLANG_WARN_ENUM_CONVERSION = YES;
				CLANG_WARN_INFINITE_RECURSION = YES;
				CLANG_WARN_INT_CONVERSION = YES;
				CLANG_WARN_NON_LITERAL_NULL_CONVERSION = YES;
				CLANG_WARN_OBJC_IMPLICIT_RETAIN_SELF = YES;
				CLANG_WARN_OBJC_LITERAL_CONVERSION = YES;
				CLANG_WARN_OBJC_ROOT_CLASS = YES_ERROR;
				CLANG_WARN_RANGE_LOOP_ANALYSIS = YES;
				CLANG_WARN_STRICT_PROTOTYPES = YES;
				CLANG_WARN_SUSPICIOUS_MOVE = YES;
				CLANG_WARN_UNGUARDED_AVAILABILITY = YES_AGGRESSIVE;
				CLANG_WARN_UNREACHABLE_CODE = YES;
				CLANG_WARN__DUPLICATE_METHOD_MATCH = YES;
				CODE_SIGN_IDENTITY = "iPhone Developer";
				COPY_PHASE_STRIP = NO;
				DEBUG_INFORMATION_FORMAT = "dwarf-with-dsym";
				ENABLE_NS_ASSERTIONS = NO;
				ENABLE_STRICT_OBJC_MSGSEND = YES;
				GCC_C_LANGUAGE_STANDARD = gnu11;
				GCC_NO_COMMON_BLOCKS = YES;
				GCC_WARN_64_TO_32_BIT_CONVERSION = YES;
				GCC_WARN_ABOUT_RETURN_TYPE = YES_ERROR;
				GCC_WARN_UNDECLARED_SELECTOR = YES;
				GCC_WARN_UNINITIALIZED_AUTOS = YES_AGGRESSIVE;
				GCC_WARN_UNUSED_FUNCTION = YES;
				GCC_WARN_UNUSED_VARIABLE = YES;
				IPHONEOS_DEPLOYMENT_TARGET = 12.1;
				MTL_ENABLE_DEBUG_INFO = NO;
				MTL_FAST_MATH = YES;
				SDKROOT = iphoneos;
				SWIFT_COMPILATION_MODE = wholemodule;
				SWIFT_OPTIMIZATION_LEVEL = "-O";
				VALIDATE_PRODUCT = YES;
			};
			name = Release;
		};
		2326FD8E2316F406005B5089 /* Debug */ = {
			isa = XCBuildConfiguration;
			buildSettings = {
				ASSETCATALOG_COMPILER_APPICON_NAME = AppIcon;
				CODE_SIGN_STYLE = Automatic;
				DEVELOPMENT_TEAM = G3C6XQTJW2;
				INFOPLIST_FILE = MLBusinessComponents/Info.plist;
				LD_RUNPATH_SEARCH_PATHS = (
					"$(inherited)",
					"@executable_path/Frameworks",
				);
				PRODUCT_BUNDLE_IDENTIFIER = js.MLBusinessComponents;
				PRODUCT_NAME = "$(TARGET_NAME)";
				SWIFT_VERSION = 4.2;
				TARGETED_DEVICE_FAMILY = "1,2";
			};
			name = Debug;
		};
		2326FD8F2316F406005B5089 /* Release */ = {
			isa = XCBuildConfiguration;
			buildSettings = {
				ASSETCATALOG_COMPILER_APPICON_NAME = AppIcon;
				CODE_SIGN_STYLE = Automatic;
				DEVELOPMENT_TEAM = G3C6XQTJW2;
				INFOPLIST_FILE = MLBusinessComponents/Info.plist;
				LD_RUNPATH_SEARCH_PATHS = (
					"$(inherited)",
					"@executable_path/Frameworks",
				);
				PRODUCT_BUNDLE_IDENTIFIER = js.MLBusinessComponents;
				PRODUCT_NAME = "$(TARGET_NAME)";
				SWIFT_VERSION = 4.2;
				TARGETED_DEVICE_FAMILY = "1,2";
			};
			name = Release;
		};
/* End XCBuildConfiguration section */

/* Begin XCConfigurationList section */
		2326FD762316F405005B5089 /* Build configuration list for PBXProject "MLBusinessComponents" */ = {
			isa = XCConfigurationList;
			buildConfigurations = (
				2326FD8B2316F406005B5089 /* Debug */,
				2326FD8C2316F406005B5089 /* Release */,
			);
			defaultConfigurationIsVisible = 0;
			defaultConfigurationName = Release;
		};
		2326FD8D2316F406005B5089 /* Build configuration list for PBXNativeTarget "MLBusinessComponents" */ = {
			isa = XCConfigurationList;
			buildConfigurations = (
				2326FD8E2316F406005B5089 /* Debug */,
				2326FD8F2316F406005B5089 /* Release */,
			);
			defaultConfigurationIsVisible = 0;
			defaultConfigurationName = Release;
		};
/* End XCConfigurationList section */
	};
	rootObject = 2326FD732316F405005B5089 /* Project object */;
}
