// !$*UTF8*$!
{
	archiveVersion = 1;
	classes = {
	};
	objectVersion = 51;
	objects = {

/* Begin PBXBuildFile section */
		1B250EB5F31497F4007ED8B5 /* Pods_MLBusinessComponents.framework in Frameworks */ = {isa = PBXBuildFile; fileRef = 34CD5ED1D20D0EF0A95C0A69 /* Pods_MLBusinessComponents.framework */; };
		2326FD7F2316F405005B5089 /* AppDelegate.swift in Sources */ = {isa = PBXBuildFile; fileRef = 2326FD7E2316F405005B5089 /* AppDelegate.swift */; };
		2326FD812316F405005B5089 /* ExampleViewController.swift in Sources */ = {isa = PBXBuildFile; fileRef = 2326FD802316F405005B5089 /* ExampleViewController.swift */; };
		2326FD842316F405005B5089 /* Main.storyboard in Resources */ = {isa = PBXBuildFile; fileRef = 2326FD822316F405005B5089 /* Main.storyboard */; };
		2326FD862316F406005B5089 /* Assets.xcassets in Resources */ = {isa = PBXBuildFile; fileRef = 2326FD852316F406005B5089 /* Assets.xcassets */; };
		2326FD892316F406005B5089 /* LaunchScreen.storyboard in Resources */ = {isa = PBXBuildFile; fileRef = 2326FD872316F406005B5089 /* LaunchScreen.storyboard */; };
		2393C662231D674A00A47D39 /* LoyaltyRingData.swift in Sources */ = {isa = PBXBuildFile; fileRef = 2393C660231D674A00A47D39 /* LoyaltyRingData.swift */; };
		2393C663231D674A00A47D39 /* DiscountData.swift in Sources */ = {isa = PBXBuildFile; fileRef = 2393C661231D674A00A47D39 /* DiscountData.swift */; };
		2393C67A231D68CB00A47D39 /* MLBusinessLoyaltyRingData.swift in Sources */ = {isa = PBXBuildFile; fileRef = 2393C66F231D68CB00A47D39 /* MLBusinessLoyaltyRingData.swift */; };
		2393C67B231D68CB00A47D39 /* MLBusinessLoyaltyRingView.swift in Sources */ = {isa = PBXBuildFile; fileRef = 2393C670231D68CB00A47D39 /* MLBusinessLoyaltyRingView.swift */; };
		2393C67C231D68CB00A47D39 /* MLBusinessDiscountSingleItem.swift in Sources */ = {isa = PBXBuildFile; fileRef = 2393C672231D68CB00A47D39 /* MLBusinessDiscountSingleItem.swift */; };
		2393C67F231D68CB00A47D39 /* MLBusinessDiscountBoxData.swift in Sources */ = {isa = PBXBuildFile; fileRef = 2393C675231D68CB00A47D39 /* MLBusinessDiscountBoxData.swift */; };
		2393C680231D68CB00A47D39 /* MLBusinessDiscountBoxView.swift in Sources */ = {isa = PBXBuildFile; fileRef = 2393C676231D68CB00A47D39 /* MLBusinessDiscountBoxView.swift */; };
		23EE40452323FFE0001322EC /* UIStyles.swift in Sources */ = {isa = PBXBuildFile; fileRef = 23EE40442323FFE0001322EC /* UIStyles.swift */; };
		23EE404A23240077001322EC /* UICircularRing.swift in Sources */ = {isa = PBXBuildFile; fileRef = 23EE404823240077001322EC /* UICircularRing.swift */; };
		23EE404B23240077001322EC /* CustomUIImageView.swift in Sources */ = {isa = PBXBuildFile; fileRef = 23EE404923240077001322EC /* CustomUIImageView.swift */; };
		23EE404E23240087001322EC /* RingFactory.swift in Sources */ = {isa = PBXBuildFile; fileRef = 23EE404D23240087001322EC /* RingFactory.swift */; };
		23EE4051232400AC001322EC /* String+Hexa.swift in Sources */ = {isa = PBXBuildFile; fileRef = 23EE4050232400AC001322EC /* String+Hexa.swift */; };
		23EE4053232408EC001322EC /* UIView+Autolayout.swift in Sources */ = {isa = PBXBuildFile; fileRef = 23EE4052232408EC001322EC /* UIView+Autolayout.swift */; };
		23EE405723240A5C001322EC /* MLBusinessDiscountTableViewCell.swift in Sources */ = {isa = PBXBuildFile; fileRef = 23EE405523240A5C001322EC /* MLBusinessDiscountTableViewCell.swift */; };
		23EE405823240A5C001322EC /* MLBusinessDiscountSingleItemView.swift in Sources */ = {isa = PBXBuildFile; fileRef = 23EE405623240A5C001322EC /* MLBusinessDiscountSingleItemView.swift */; };
		CE4F8306231DAFDF00FAFB8B /* UIConstants.swift in Sources */ = {isa = PBXBuildFile; fileRef = CE4F8305231DAFDF00FAFB8B /* UIConstants.swift */; };
/* End PBXBuildFile section */

/* Begin PBXFileReference section */
		12CD11A7C089984AB576A9BF /* Pods-MLBusinessComponents.debug.xcconfig */ = {isa = PBXFileReference; includeInIndex = 1; lastKnownFileType = text.xcconfig; name = "Pods-MLBusinessComponents.debug.xcconfig"; path = "Target Support Files/Pods-MLBusinessComponents/Pods-MLBusinessComponents.debug.xcconfig"; sourceTree = "<group>"; };
		1B437F0598DAF857D42231F7 /* Pods-MLBusinessComponents.release.xcconfig */ = {isa = PBXFileReference; includeInIndex = 1; lastKnownFileType = text.xcconfig; name = "Pods-MLBusinessComponents.release.xcconfig"; path = "Target Support Files/Pods-MLBusinessComponents/Pods-MLBusinessComponents.release.xcconfig"; sourceTree = "<group>"; };
		2326FD7B2316F405005B5089 /* MLBusinessComponents.app */ = {isa = PBXFileReference; explicitFileType = wrapper.application; includeInIndex = 0; path = MLBusinessComponents.app; sourceTree = BUILT_PRODUCTS_DIR; };
		2326FD7E2316F405005B5089 /* AppDelegate.swift */ = {isa = PBXFileReference; lastKnownFileType = sourcecode.swift; path = AppDelegate.swift; sourceTree = "<group>"; };
		2326FD802316F405005B5089 /* ExampleViewController.swift */ = {isa = PBXFileReference; lastKnownFileType = sourcecode.swift; path = ExampleViewController.swift; sourceTree = "<group>"; };
		2326FD832316F405005B5089 /* Base */ = {isa = PBXFileReference; lastKnownFileType = file.storyboard; name = Base; path = Base.lproj/Main.storyboard; sourceTree = "<group>"; };
		2326FD852316F406005B5089 /* Assets.xcassets */ = {isa = PBXFileReference; lastKnownFileType = folder.assetcatalog; path = Assets.xcassets; sourceTree = "<group>"; };
		2326FD882316F406005B5089 /* Base */ = {isa = PBXFileReference; lastKnownFileType = file.storyboard; name = Base; path = Base.lproj/LaunchScreen.storyboard; sourceTree = "<group>"; };
		2326FD8A2316F406005B5089 /* Info.plist */ = {isa = PBXFileReference; lastKnownFileType = text.plist.xml; path = Info.plist; sourceTree = "<group>"; };
		2393C660231D674A00A47D39 /* LoyaltyRingData.swift */ = {isa = PBXFileReference; fileEncoding = 4; lastKnownFileType = sourcecode.swift; path = LoyaltyRingData.swift; sourceTree = "<group>"; };
		2393C661231D674A00A47D39 /* DiscountData.swift */ = {isa = PBXFileReference; fileEncoding = 4; lastKnownFileType = sourcecode.swift; path = DiscountData.swift; sourceTree = "<group>"; };
		2393C66F231D68CB00A47D39 /* MLBusinessLoyaltyRingData.swift */ = {isa = PBXFileReference; fileEncoding = 4; lastKnownFileType = sourcecode.swift; path = MLBusinessLoyaltyRingData.swift; sourceTree = "<group>"; };
		2393C670231D68CB00A47D39 /* MLBusinessLoyaltyRingView.swift */ = {isa = PBXFileReference; fileEncoding = 4; lastKnownFileType = sourcecode.swift; path = MLBusinessLoyaltyRingView.swift; sourceTree = "<group>"; };
		2393C672231D68CB00A47D39 /* MLBusinessDiscountSingleItem.swift */ = {isa = PBXFileReference; fileEncoding = 4; lastKnownFileType = sourcecode.swift; path = MLBusinessDiscountSingleItem.swift; sourceTree = "<group>"; };
		2393C675231D68CB00A47D39 /* MLBusinessDiscountBoxData.swift */ = {isa = PBXFileReference; fileEncoding = 4; lastKnownFileType = sourcecode.swift; path = MLBusinessDiscountBoxData.swift; sourceTree = "<group>"; };
		2393C676231D68CB00A47D39 /* MLBusinessDiscountBoxView.swift */ = {isa = PBXFileReference; fileEncoding = 4; lastKnownFileType = sourcecode.swift; path = MLBusinessDiscountBoxView.swift; sourceTree = "<group>"; };
		23EE40442323FFE0001322EC /* UIStyles.swift */ = {isa = PBXFileReference; lastKnownFileType = sourcecode.swift; path = UIStyles.swift; sourceTree = "<group>"; };
		23EE404823240077001322EC /* UICircularRing.swift */ = {isa = PBXFileReference; fileEncoding = 4; lastKnownFileType = sourcecode.swift; path = UICircularRing.swift; sourceTree = "<group>"; };
		23EE404923240077001322EC /* CustomUIImageView.swift */ = {isa = PBXFileReference; fileEncoding = 4; lastKnownFileType = sourcecode.swift; path = CustomUIImageView.swift; sourceTree = "<group>"; };
		23EE404D23240087001322EC /* RingFactory.swift */ = {isa = PBXFileReference; fileEncoding = 4; lastKnownFileType = sourcecode.swift; path = RingFactory.swift; sourceTree = "<group>"; };
		23EE4050232400AC001322EC /* String+Hexa.swift */ = {isa = PBXFileReference; fileEncoding = 4; lastKnownFileType = sourcecode.swift; path = "String+Hexa.swift"; sourceTree = "<group>"; };
		23EE4052232408EC001322EC /* UIView+Autolayout.swift */ = {isa = PBXFileReference; lastKnownFileType = sourcecode.swift; path = "UIView+Autolayout.swift"; sourceTree = "<group>"; };
		23EE405523240A5C001322EC /* MLBusinessDiscountTableViewCell.swift */ = {isa = PBXFileReference; fileEncoding = 4; lastKnownFileType = sourcecode.swift; path = MLBusinessDiscountTableViewCell.swift; sourceTree = "<group>"; };
		23EE405623240A5C001322EC /* MLBusinessDiscountSingleItemView.swift */ = {isa = PBXFileReference; fileEncoding = 4; lastKnownFileType = sourcecode.swift; path = MLBusinessDiscountSingleItemView.swift; sourceTree = "<group>"; };
		34CD5ED1D20D0EF0A95C0A69 /* Pods_MLBusinessComponents.framework */ = {isa = PBXFileReference; explicitFileType = wrapper.framework; includeInIndex = 0; path = Pods_MLBusinessComponents.framework; sourceTree = BUILT_PRODUCTS_DIR; };
		CE4F8305231DAFDF00FAFB8B /* UIConstants.swift */ = {isa = PBXFileReference; lastKnownFileType = sourcecode.swift; path = UIConstants.swift; sourceTree = "<group>"; };
/* End PBXFileReference section */

/* Begin PBXFrameworksBuildPhase section */
		2326FD782316F405005B5089 /* Frameworks */ = {
			isa = PBXFrameworksBuildPhase;
			buildActionMask = 2147483647;
			files = (
				1B250EB5F31497F4007ED8B5 /* Pods_MLBusinessComponents.framework in Frameworks */,
			);
			runOnlyForDeploymentPostprocessing = 0;
		};
/* End PBXFrameworksBuildPhase section */

/* Begin PBXGroup section */
		2326FD722316F405005B5089 = {
			isa = PBXGroup;
			children = (
				2326FD7D2316F405005B5089 /* MLBusinessComponents */,
				2326FD7C2316F405005B5089 /* Products */,
				96483EB186F50E06D5EF09CE /* Pods */,
				9115449942B9E25B0F55500E /* Frameworks */,
			);
			sourceTree = "<group>";
		};
		2326FD7C2316F405005B5089 /* Products */ = {
			isa = PBXGroup;
			children = (
				2326FD7B2316F405005B5089 /* MLBusinessComponents.app */,
			);
			name = Products;
			sourceTree = "<group>";
		};
		2326FD7D2316F405005B5089 /* MLBusinessComponents */ = {
			isa = PBXGroup;
			children = (
				2393C666231D68CB00A47D39 /* Source */,
				2393C65F231D674A00A47D39 /* Data */,
				2326FD7E2316F405005B5089 /* AppDelegate.swift */,
				2326FD802316F405005B5089 /* ExampleViewController.swift */,
				2326FD822316F405005B5089 /* Main.storyboard */,
				2326FD852316F406005B5089 /* Assets.xcassets */,
				2326FD872316F406005B5089 /* LaunchScreen.storyboard */,
				2326FD8A2316F406005B5089 /* Info.plist */,
			);
			path = MLBusinessComponents;
			sourceTree = "<group>";
		};
		2393C65F231D674A00A47D39 /* Data */ = {
			isa = PBXGroup;
			children = (
				2393C660231D674A00A47D39 /* LoyaltyRingData.swift */,
				2393C661231D674A00A47D39 /* DiscountData.swift */,
			);
			path = Data;
			sourceTree = "<group>";
		};
		2393C666231D68CB00A47D39 /* Source */ = {
			isa = PBXGroup;
			children = (
				2393C667231D68CB00A47D39 /* Core */,
				2393C66D231D68CB00A47D39 /* Components */,
			);
			path = Source;
			sourceTree = "<group>";
		};
		2393C667231D68CB00A47D39 /* Core */ = {
			isa = PBXGroup;
			children = (
				23EE404F232400AC001322EC /* Extensions */,
				23EE404623240077001322EC /* CoreComponents */,
				23EE404C23240087001322EC /* Factories */,
				CE4F8305231DAFDF00FAFB8B /* UIConstants.swift */,
				23EE40442323FFE0001322EC /* UIStyles.swift */,
			);
			path = Core;
			sourceTree = "<group>";
		};
		2393C66D231D68CB00A47D39 /* Components */ = {
			isa = PBXGroup;
			children = (
				2393C66E231D68CB00A47D39 /* Loyalty */,
				2393C671231D68CB00A47D39 /* Discount */,
			);
			path = Components;
			sourceTree = "<group>";
		};
		2393C66E231D68CB00A47D39 /* Loyalty */ = {
			isa = PBXGroup;
			children = (
				2393C66F231D68CB00A47D39 /* MLBusinessLoyaltyRingData.swift */,
				2393C670231D68CB00A47D39 /* MLBusinessLoyaltyRingView.swift */,
			);
			path = Loyalty;
			sourceTree = "<group>";
		};
		2393C671231D68CB00A47D39 /* Discount */ = {
			isa = PBXGroup;
			children = (
				2393C672231D68CB00A47D39 /* MLBusinessDiscountSingleItem.swift */,
				2393C675231D68CB00A47D39 /* MLBusinessDiscountBoxData.swift */,
				2393C676231D68CB00A47D39 /* MLBusinessDiscountBoxView.swift */,
				23EE405423240A5C001322EC /* Internal */,
			);
			path = Discount;
			sourceTree = "<group>";
		};
		23EE404623240077001322EC /* CoreComponents */ = {
			isa = PBXGroup;
			children = (
				23EE404723240077001322EC /* UICircularProgressRing */,
				23EE404923240077001322EC /* CustomUIImageView.swift */,
			);
			path = CoreComponents;
			sourceTree = "<group>";
		};
		23EE404723240077001322EC /* UICircularProgressRing */ = {
			isa = PBXGroup;
			children = (
				23EE404823240077001322EC /* UICircularRing.swift */,
			);
			path = UICircularProgressRing;
			sourceTree = "<group>";
		};
		23EE404C23240087001322EC /* Factories */ = {
			isa = PBXGroup;
			children = (
				23EE404D23240087001322EC /* RingFactory.swift */,
			);
			path = Factories;
			sourceTree = "<group>";
		};
		23EE404F232400AC001322EC /* Extensions */ = {
			isa = PBXGroup;
			children = (
				23EE4050232400AC001322EC /* String+Hexa.swift */,
				23EE4052232408EC001322EC /* UIView+Autolayout.swift */,
			);
			path = Extensions;
			sourceTree = "<group>";
		};
		23EE405423240A5C001322EC /* Internal */ = {
			isa = PBXGroup;
			children = (
				23EE405523240A5C001322EC /* MLBusinessDiscountTableViewCell.swift */,
				23EE405623240A5C001322EC /* MLBusinessDiscountSingleItemView.swift */,
			);
			path = Internal;
			sourceTree = "<group>";
		};
		9115449942B9E25B0F55500E /* Frameworks */ = {
			isa = PBXGroup;
			children = (
				34CD5ED1D20D0EF0A95C0A69 /* Pods_MLBusinessComponents.framework */,
			);
			name = Frameworks;
			sourceTree = "<group>";
		};
		96483EB186F50E06D5EF09CE /* Pods */ = {
			isa = PBXGroup;
			children = (
				12CD11A7C089984AB576A9BF /* Pods-MLBusinessComponents.debug.xcconfig */,
				1B437F0598DAF857D42231F7 /* Pods-MLBusinessComponents.release.xcconfig */,
			);
			path = Pods;
			sourceTree = "<group>";
		};
/* End PBXGroup section */

/* Begin PBXNativeTarget section */
		2326FD7A2316F405005B5089 /* MLBusinessComponents */ = {
			isa = PBXNativeTarget;
			buildConfigurationList = 2326FD8D2316F406005B5089 /* Build configuration list for PBXNativeTarget "MLBusinessComponents" */;
			buildPhases = (
				5FF150036C592E07B2C07381 /* [CP] Check Pods Manifest.lock */,
				2326FD772316F405005B5089 /* Sources */,
				2326FD782316F405005B5089 /* Frameworks */,
				2326FD792316F405005B5089 /* Resources */,
				A8561CC9C89F1AB9FEBD0B27 /* [CP] Embed Pods Frameworks */,
			);
			buildRules = (
			);
			dependencies = (
			);
			name = MLBusinessComponents;
			productName = MLBusinessComponents;
			productReference = 2326FD7B2316F405005B5089 /* MLBusinessComponents.app */;
			productType = "com.apple.product-type.application";
		};
/* End PBXNativeTarget section */

/* Begin PBXProject section */
		2326FD732316F405005B5089 /* Project object */ = {
			isa = PBXProject;
			attributes = {
				LastSwiftUpdateCheck = 1010;
				LastUpgradeCheck = 1010;
				ORGANIZATIONNAME = "Juan Sanzone";
				TargetAttributes = {
					2326FD7A2316F405005B5089 = {
						CreatedOnToolsVersion = 10.1;
					};
				};
			};
			buildConfigurationList = 2326FD762316F405005B5089 /* Build configuration list for PBXProject "MLBusinessComponents" */;
			compatibilityVersion = "Xcode 9.3";
			developmentRegion = en;
			hasScannedForEncodings = 0;
			knownRegions = (
				en,
				Base,
			);
			mainGroup = 2326FD722316F405005B5089;
			productRefGroup = 2326FD7C2316F405005B5089 /* Products */;
			projectDirPath = "";
			projectRoot = "";
			targets = (
				2326FD7A2316F405005B5089 /* MLBusinessComponents */,
			);
		};
/* End PBXProject section */

/* Begin PBXResourcesBuildPhase section */
		2326FD792316F405005B5089 /* Resources */ = {
			isa = PBXResourcesBuildPhase;
			buildActionMask = 2147483647;
			files = (
				2326FD892316F406005B5089 /* LaunchScreen.storyboard in Resources */,
				2326FD862316F406005B5089 /* Assets.xcassets in Resources */,
				2326FD842316F405005B5089 /* Main.storyboard in Resources */,
			);
			runOnlyForDeploymentPostprocessing = 0;
		};
/* End PBXResourcesBuildPhase section */

/* Begin PBXShellScriptBuildPhase section */
		5FF150036C592E07B2C07381 /* [CP] Check Pods Manifest.lock */ = {
			isa = PBXShellScriptBuildPhase;
			buildActionMask = 2147483647;
			files = (
			);
			inputFileListPaths = (
			);
			inputPaths = (
				"${PODS_PODFILE_DIR_PATH}/Podfile.lock",
				"${PODS_ROOT}/Manifest.lock",
			);
			name = "[CP] Check Pods Manifest.lock";
			outputFileListPaths = (
			);
			outputPaths = (
				"$(DERIVED_FILE_DIR)/Pods-MLBusinessComponents-checkManifestLockResult.txt",
			);
			runOnlyForDeploymentPostprocessing = 0;
			shellPath = /bin/sh;
			shellScript = "diff \"${PODS_PODFILE_DIR_PATH}/Podfile.lock\" \"${PODS_ROOT}/Manifest.lock\" > /dev/null\nif [ $? != 0 ] ; then\n    # print error to STDERR\n    echo \"error: The sandbox is not in sync with the Podfile.lock. Run 'pod install' or update your CocoaPods installation.\" >&2\n    exit 1\nfi\n# This output is used by Xcode 'outputs' to avoid re-running this script phase.\necho \"SUCCESS\" > \"${SCRIPT_OUTPUT_FILE_0}\"\n";
			showEnvVarsInLog = 0;
		};
		A8561CC9C89F1AB9FEBD0B27 /* [CP] Embed Pods Frameworks */ = {
			isa = PBXShellScriptBuildPhase;
			buildActionMask = 2147483647;
			files = (
			);
			inputFileListPaths = (
				"${PODS_ROOT}/Target Support Files/Pods-MLBusinessComponents/Pods-MLBusinessComponents-frameworks-${CONFIGURATION}-input-files.xcfilelist",
			);
			name = "[CP] Embed Pods Frameworks";
			outputFileListPaths = (
				"${PODS_ROOT}/Target Support Files/Pods-MLBusinessComponents/Pods-MLBusinessComponents-frameworks-${CONFIGURATION}-output-files.xcfilelist",
			);
			runOnlyForDeploymentPostprocessing = 0;
			shellPath = /bin/sh;
			shellScript = "\"${PODS_ROOT}/Target Support Files/Pods-MLBusinessComponents/Pods-MLBusinessComponents-frameworks.sh\"\n";
			showEnvVarsInLog = 0;
		};
/* End PBXShellScriptBuildPhase section */

/* Begin PBXSourcesBuildPhase section */
		2326FD772316F405005B5089 /* Sources */ = {
			isa = PBXSourcesBuildPhase;
			buildActionMask = 2147483647;
			files = (
				23EE404E23240087001322EC /* RingFactory.swift in Sources */,
				23EE405723240A5C001322EC /* MLBusinessDiscountTableViewCell.swift in Sources */,
				23EE4053232408EC001322EC /* UIView+Autolayout.swift in Sources */,
				2393C67B231D68CB00A47D39 /* MLBusinessLoyaltyRingView.swift in Sources */,
				2326FD812316F405005B5089 /* ExampleViewController.swift in Sources */,
				2393C680231D68CB00A47D39 /* MLBusinessDiscountBoxView.swift in Sources */,
				2326FD7F2316F405005B5089 /* AppDelegate.swift in Sources */,
				2393C663231D674A00A47D39 /* DiscountData.swift in Sources */,
				CE4F8306231DAFDF00FAFB8B /* UIConstants.swift in Sources */,
				2393C67C231D68CB00A47D39 /* MLBusinessDiscountSingleItem.swift in Sources */,
				23EE404B23240077001322EC /* CustomUIImageView.swift in Sources */,
				2393C67F231D68CB00A47D39 /* MLBusinessDiscountBoxData.swift in Sources */,
				23EE40452323FFE0001322EC /* UIStyles.swift in Sources */,
				2393C662231D674A00A47D39 /* LoyaltyRingData.swift in Sources */,
				23EE404A23240077001322EC /* UICircularRing.swift in Sources */,
				23EE405823240A5C001322EC /* MLBusinessDiscountSingleItemView.swift in Sources */,
				2393C67A231D68CB00A47D39 /* MLBusinessLoyaltyRingData.swift in Sources */,
				23EE4051232400AC001322EC /* String+Hexa.swift in Sources */,
			);
			runOnlyForDeploymentPostprocessing = 0;
		};
/* End PBXSourcesBuildPhase section */

/* Begin PBXVariantGroup section */
		2326FD822316F405005B5089 /* Main.storyboard */ = {
			isa = PBXVariantGroup;
			children = (
				2326FD832316F405005B5089 /* Base */,
			);
			name = Main.storyboard;
			sourceTree = "<group>";
		};
		2326FD872316F406005B5089 /* LaunchScreen.storyboard */ = {
			isa = PBXVariantGroup;
			children = (
				2326FD882316F406005B5089 /* Base */,
			);
			name = LaunchScreen.storyboard;
			sourceTree = "<group>";
		};
/* End PBXVariantGroup section */

/* Begin XCBuildConfiguration section */
		2326FD8B2316F406005B5089 /* Debug */ = {
			isa = XCBuildConfiguration;
			buildSettings = {
				ALWAYS_SEARCH_USER_PATHS = NO;
				CLANG_ANALYZER_NONNULL = YES;
				CLANG_ANALYZER_NUMBER_OBJECT_CONVERSION = YES_AGGRESSIVE;
				CLANG_CXX_LANGUAGE_STANDARD = "gnu++14";
				CLANG_CXX_LIBRARY = "libc++";
				CLANG_ENABLE_MODULES = YES;
				CLANG_ENABLE_OBJC_ARC = YES;
				CLANG_ENABLE_OBJC_WEAK = YES;
				CLANG_WARN_BLOCK_CAPTURE_AUTORELEASING = YES;
				CLANG_WARN_BOOL_CONVERSION = YES;
				CLANG_WARN_COMMA = YES;
				CLANG_WARN_CONSTANT_CONVERSION = YES;
				CLANG_WARN_DEPRECATED_OBJC_IMPLEMENTATIONS = YES;
				CLANG_WARN_DIRECT_OBJC_ISA_USAGE = YES_ERROR;
				CLANG_WARN_DOCUMENTATION_COMMENTS = YES;
				CLANG_WARN_EMPTY_BODY = YES;
				CLANG_WARN_ENUM_CONVERSION = YES;
				CLANG_WARN_INFINITE_RECURSION = YES;
				CLANG_WARN_INT_CONVERSION = YES;
				CLANG_WARN_NON_LITERAL_NULL_CONVERSION = YES;
				CLANG_WARN_OBJC_IMPLICIT_RETAIN_SELF = YES;
				CLANG_WARN_OBJC_LITERAL_CONVERSION = YES;
				CLANG_WARN_OBJC_ROOT_CLASS = YES_ERROR;
				CLANG_WARN_RANGE_LOOP_ANALYSIS = YES;
				CLANG_WARN_STRICT_PROTOTYPES = YES;
				CLANG_WARN_SUSPICIOUS_MOVE = YES;
				CLANG_WARN_UNGUARDED_AVAILABILITY = YES_AGGRESSIVE;
				CLANG_WARN_UNREACHABLE_CODE = YES;
				CLANG_WARN__DUPLICATE_METHOD_MATCH = YES;
				CODE_SIGN_IDENTITY = "iPhone Developer";
				COPY_PHASE_STRIP = NO;
				DEBUG_INFORMATION_FORMAT = dwarf;
				ENABLE_STRICT_OBJC_MSGSEND = YES;
				ENABLE_TESTABILITY = YES;
				GCC_C_LANGUAGE_STANDARD = gnu11;
				GCC_DYNAMIC_NO_PIC = NO;
				GCC_NO_COMMON_BLOCKS = YES;
				GCC_OPTIMIZATION_LEVEL = 0;
				GCC_PREPROCESSOR_DEFINITIONS = (
					"DEBUG=1",
					"$(inherited)",
				);
				GCC_WARN_64_TO_32_BIT_CONVERSION = YES;
				GCC_WARN_ABOUT_RETURN_TYPE = YES_ERROR;
				GCC_WARN_UNDECLARED_SELECTOR = YES;
				GCC_WARN_UNINITIALIZED_AUTOS = YES_AGGRESSIVE;
				GCC_WARN_UNUSED_FUNCTION = YES;
				GCC_WARN_UNUSED_VARIABLE = YES;
				IPHONEOS_DEPLOYMENT_TARGET = 12.1;
				MTL_ENABLE_DEBUG_INFO = INCLUDE_SOURCE;
				MTL_FAST_MATH = YES;
				ONLY_ACTIVE_ARCH = YES;
				SDKROOT = iphoneos;
				SWIFT_ACTIVE_COMPILATION_CONDITIONS = DEBUG;
				SWIFT_OPTIMIZATION_LEVEL = "-Onone";
			};
			name = Debug;
		};
		2326FD8C2316F406005B5089 /* Release */ = {
			isa = XCBuildConfiguration;
			buildSettings = {
				ALWAYS_SEARCH_USER_PATHS = NO;
				CLANG_ANALYZER_NONNULL = YES;
				CLANG_ANALYZER_NUMBER_OBJECT_CONVERSION = YES_AGGRESSIVE;
				CLANG_CXX_LANGUAGE_STANDARD = "gnu++14";
				CLANG_CXX_LIBRARY = "libc++";
				CLANG_ENABLE_MODULES = YES;
				CLANG_ENABLE_OBJC_ARC = YES;
				CLANG_ENABLE_OBJC_WEAK = YES;
				CLANG_WARN_BLOCK_CAPTURE_AUTORELEASING = YES;
				CLANG_WARN_BOOL_CONVERSION = YES;
				CLANG_WARN_COMMA = YES;
				CLANG_WARN_CONSTANT_CONVERSION = YES;
				CLANG_WARN_DEPRECATED_OBJC_IMPLEMENTATIONS = YES;
				CLANG_WARN_DIRECT_OBJC_ISA_USAGE = YES_ERROR;
				CLANG_WARN_DOCUMENTATION_COMMENTS = YES;
				CLANG_WARN_EMPTY_BODY = YES;
				CLANG_WARN_ENUM_CONVERSION = YES;
				CLANG_WARN_INFINITE_RECURSION = YES;
				CLANG_WARN_INT_CONVERSION = YES;
				CLANG_WARN_NON_LITERAL_NULL_CONVERSION = YES;
				CLANG_WARN_OBJC_IMPLICIT_RETAIN_SELF = YES;
				CLANG_WARN_OBJC_LITERAL_CONVERSION = YES;
				CLANG_WARN_OBJC_ROOT_CLASS = YES_ERROR;
				CLANG_WARN_RANGE_LOOP_ANALYSIS = YES;
				CLANG_WARN_STRICT_PROTOTYPES = YES;
				CLANG_WARN_SUSPICIOUS_MOVE = YES;
				CLANG_WARN_UNGUARDED_AVAILABILITY = YES_AGGRESSIVE;
				CLANG_WARN_UNREACHABLE_CODE = YES;
				CLANG_WARN__DUPLICATE_METHOD_MATCH = YES;
				CODE_SIGN_IDENTITY = "iPhone Developer";
				COPY_PHASE_STRIP = NO;
				DEBUG_INFORMATION_FORMAT = "dwarf-with-dsym";
				ENABLE_NS_ASSERTIONS = NO;
				ENABLE_STRICT_OBJC_MSGSEND = YES;
				GCC_C_LANGUAGE_STANDARD = gnu11;
				GCC_NO_COMMON_BLOCKS = YES;
				GCC_WARN_64_TO_32_BIT_CONVERSION = YES;
				GCC_WARN_ABOUT_RETURN_TYPE = YES_ERROR;
				GCC_WARN_UNDECLARED_SELECTOR = YES;
				GCC_WARN_UNINITIALIZED_AUTOS = YES_AGGRESSIVE;
				GCC_WARN_UNUSED_FUNCTION = YES;
				GCC_WARN_UNUSED_VARIABLE = YES;
				IPHONEOS_DEPLOYMENT_TARGET = 12.1;
				MTL_ENABLE_DEBUG_INFO = NO;
				MTL_FAST_MATH = YES;
				SDKROOT = iphoneos;
				SWIFT_COMPILATION_MODE = wholemodule;
				SWIFT_OPTIMIZATION_LEVEL = "-O";
				VALIDATE_PRODUCT = YES;
			};
			name = Release;
		};
		2326FD8E2316F406005B5089 /* Debug */ = {
			isa = XCBuildConfiguration;
			baseConfigurationReference = 12CD11A7C089984AB576A9BF /* Pods-MLBusinessComponents.debug.xcconfig */;
			buildSettings = {
				ASSETCATALOG_COMPILER_APPICON_NAME = AppIcon;
				CODE_SIGN_STYLE = Automatic;
				DEVELOPMENT_TEAM = G3C6XQTJW2;
				INFOPLIST_FILE = MLBusinessComponents/Info.plist;
				LD_RUNPATH_SEARCH_PATHS = (
					"$(inherited)",
					"@executable_path/Frameworks",
				);
				PRODUCT_BUNDLE_IDENTIFIER = js.MLBusinessComponents;
				PRODUCT_NAME = "$(TARGET_NAME)";
				SWIFT_VERSION = 4.2;
				TARGETED_DEVICE_FAMILY = "1,2";
			};
			name = Debug;
		};
		2326FD8F2316F406005B5089 /* Release */ = {
			isa = XCBuildConfiguration;
			baseConfigurationReference = 1B437F0598DAF857D42231F7 /* Pods-MLBusinessComponents.release.xcconfig */;
			buildSettings = {
				ASSETCATALOG_COMPILER_APPICON_NAME = AppIcon;
				CODE_SIGN_STYLE = Automatic;
				DEVELOPMENT_TEAM = G3C6XQTJW2;
				INFOPLIST_FILE = MLBusinessComponents/Info.plist;
				LD_RUNPATH_SEARCH_PATHS = (
					"$(inherited)",
					"@executable_path/Frameworks",
				);
				PRODUCT_BUNDLE_IDENTIFIER = js.MLBusinessComponents;
				PRODUCT_NAME = "$(TARGET_NAME)";
				SWIFT_VERSION = 4.2;
				TARGETED_DEVICE_FAMILY = "1,2";
			};
			name = Release;
		};
/* End XCBuildConfiguration section */

/* Begin XCConfigurationList section */
		2326FD762316F405005B5089 /* Build configuration list for PBXProject "MLBusinessComponents" */ = {
			isa = XCConfigurationList;
			buildConfigurations = (
				2326FD8B2316F406005B5089 /* Debug */,
				2326FD8C2316F406005B5089 /* Release */,
			);
			defaultConfigurationIsVisible = 0;
			defaultConfigurationName = Release;
		};
		2326FD8D2316F406005B5089 /* Build configuration list for PBXNativeTarget "MLBusinessComponents" */ = {
			isa = XCConfigurationList;
			buildConfigurations = (
				2326FD8E2316F406005B5089 /* Debug */,
				2326FD8F2316F406005B5089 /* Release */,
			);
			defaultConfigurationIsVisible = 0;
			defaultConfigurationName = Release;
		};
/* End XCConfigurationList section */
	};
	rootObject = 2326FD732316F405005B5089 /* Project object */;
}
